<Solution>
  <Folder Name="/.github/" />
  <Folder Name="/.github/workflows/">
    <File Path=".github/workflows/ci.yml" />
  </Folder>
  <Folder Name="/config/">
    <File Path="config/mount-allowlist.json" />
    <File Path="config/mount-allowlist.json.example" />
  </Folder>
  <Folder Name="/config/agents/">
    <File Path="config/agents/main.json" />
    <File Path="config/agents/scheduler.json" />
  </Folder>
  <Folder Name="/data/">
    <File Path="data/.gitkeep" />
  </Folder>
  <Folder Name="/data/ipc/">
    <File Path="data/ipc/.gitkeep" />
  </Folder>
  <Folder Name="/groups/" />
  <Folder Name="/groups/main/">
    <File Path="groups/main/CLAUDE.md" />
  </Folder>
  <Folder Name="/plans/">
    <File Path="plans/00-overview.md" />
    <File Path="plans/07-advanced-memory.md" />
  </Folder>
  <Folder Name="/plans/draft/">
    <File Path="plans/draft/08-bmad-sdlc-agents.md" />
    <File Path="plans/draft/09-multi-frontend-chat.md" />
    <File Path="plans/draft/10-linux-compatibility.md" />
    <File Path="plans/draft/11-agent-pipeline-improvements.md" />
  </Folder>
  <Folder Name="/Solution Items/">
    <File Path=".editorconfig" />
    <File Path=".gitignore" />
    <File Path="AGENT.md" />
    <File Path="CLAUDE.md" />
    <File Path="Directory.Build.props" />
    <File Path="Directory.Packages.props" />
    <File Path="LICENSE" />
    <File Path="README.md" />
    <File Path="SETUP.md" />
  </Folder>
  <Folder Name="/souls/">
    <File Path="souls/main.md" />
    <File Path="souls/scheduler.md" />
  </Folder>
  <Folder Name="/src/">
    <Project Path="src/Honeybadger.Agent/Honeybadger.Agent.csproj" />
    <Project Path="src/Honeybadger.Chat/Honeybadger.Chat.csproj" />
    <Project Path="src/Honeybadger.Console/Honeybadger.Console.csproj" />
    <Project Path="src/Honeybadger.Core/Honeybadger.Core.csproj" />
    <Project Path="src/Honeybadger.Data.Sqlite/Honeybadger.Data.Sqlite.csproj" />
    <Project Path="src/Honeybadger.Data/Honeybadger.Data.csproj" />
    <Project Path="src/Honeybadger.Host/Honeybadger.Host.csproj" />
  </Folder>
  <Folder Name="/tests/">
    <Project Path="tests/Honeybadger.Agent.Tests/Honeybadger.Agent.Tests.csproj" />
    <Project Path="tests/Honeybadger.Core.Tests/Honeybadger.Core.Tests.csproj" />
    <Project Path="tests/Honeybadger.Host.Tests/Honeybadger.Host.Tests.csproj" />
    <Project Path="tests/Honeybadger.Integration.Tests/Honeybadger.Integration.Tests.csproj" />
  </Folder>
</Solution>
